Microsoft Visual Studio Solution File, Format Version 12.00
# Visual Studio Version 16
VisualStudioVersion = 16.0.28803.352
MinimumVisualStudioVersion = 10.0.40219.1
Project("{2150E333-8FDC-42A3-9474-1A3956D46DE8}") = "src", "src", "{A06BC2B8-7F45-4630-8636-6330A8F9CA9B}"
EndProject
Project("{9A19103F-16F7-4668-BE54-9A1E7A4F7556}") = "Documents.API", "src\Documents.API\Documents.API.csproj", "{F9BBFAFA-359B-45C6-804B-6260C3B2530B}"
EndProject
Project("{9A19103F-16F7-4668-BE54-9A1E7A4F7556}") = "Documents.API.Common", "src\Documents.API.Common\Documents.API.Common.csproj", "{A73F1165-6257-4954-81FE-24BCA3050A0C}"
EndProject
Project("{9A19103F-16F7-4668-BE54-9A1E7A4F7556}") = "Documents.API.Client", "src\Documents.API.Client\Documents.API.Client.csproj", "{666666F2-B0C6-4418-BFF2-F7767033C49F}"
EndProject
Project("{9A19103F-16F7-4668-BE54-9A1E7A4F7556}") = "Documents.Clients.PCMSBridge", "src\Documents.Clients.PCMSBridge\Documents.Clients.PCMSBridge.csproj", "{6725471B-F376-48C5-AB41-90429972BA14}"
EndProject
Project("{9A19103F-16F7-4668-BE54-9A1E7A4F7556}") = "Documents.Backends.Gateway.Streams", "src\Documents.Backends.Gateway.Streams\Documents.Backends.Gateway.Streams.csproj", "{A03D9DFF-09FE-404A-AC6D-4AEDEA8D67FA}"
EndProject
Project("{9A19103F-16F7-4668-BE54-9A1E7A4F7556}") = "Documents.Queues.Interfaces", "src\Documents.Queues.Interfaces\Documents.Queues.Interfaces.csproj", "{CCB92016-89F7-4C06-98CC-7D7700DB56D5}"
EndProject
Project("{9A19103F-16F7-4668-BE54-9A1E7A4F7556}") = "Documents.Backends.Gateway", "src\Documents.Backends.Gateway\Documents.Backends.Gateway.csproj", "{54C23166-54B0-4D5E-9F81-C8340CB3BFE0}"
EndProject
Project("{9A19103F-16F7-4668-BE54-9A1E7A4F7556}") = "Documents.Queues.Tasks", "src\Documents.Queues.Tasks\Documents.Queues.Tasks.csproj", "{A102EEB7-9F3B-4516-B5C3-375E45343BF1}"
EndProject
Project("{9A19103F-16F7-4668-BE54-9A1E7A4F7556}") = "Documents.Queues.Tasks.Transcode.FFMPEG", "src\Documents.Queues.Tasks.Transcode.FFMPEG\Documents.Queues.Tasks.Transcode.FFMPEG.csproj", "{5A7E7C9F-452E-4FE1-A09C-9EAF0D5BAD55}"
EndProject
Project("{9A19103F-16F7-4668-BE54-9A1E7A4F7556}") = "Documents.Queues.Tasks.TextExtract", "src\Documents.Queues.Tasks.TextExtract\Documents.Queues.Tasks.TextExtract.csproj", "{4C98EE52-2D47-4A83-821C-7A465FDBE37A}"
EndProject
Project("{9A19103F-16F7-4668-BE54-9A1E7A4F7556}") = "Documents.Queues.Tasks.ToPDF", "src\Documents.Queues.Tasks.ToPDF\Documents.Queues.Tasks.ToPDF.csproj", "{A9302F7F-600B-4857-9DE1-89433E9ACECC}"
EndProject
Project("{9A19103F-16F7-4668-BE54-9A1E7A4F7556}") = "Documents.Queues.Tasks.PDFOCR", "src\Documents.Queues.Tasks.PDFOCR\Documents.Queues.Tasks.PDFOCR.csproj", "{4F6A1EF3-6A6C-4705-8028-F3075056BA19}"
EndProject
Project("{9A19103F-16F7-4668-BE54-9A1E7A4F7556}") = "Documents.Clients.Manager", "src\Documents.Clients.Manager\Documents.Clients.Manager.csproj", "{9C522894-5721-42BA-8DEC-13304E1AF3D6}"
EndProject
Project("{9A19103F-16F7-4668-BE54-9A1E7A4F7556}") = "Documents.Queues.Tasks.Index", "src\Documents.Queues.Tasks.Index\Documents.Queues.Tasks.Index.csproj", "{761E4116-24AE-48A4-95ED-5E21D9E1870E}"
EndProject
Project("{9A19103F-16F7-4668-BE54-9A1E7A4F7556}") = "Documents.Search.ElasticSearch", "src\Documents.Search.ElasticSearch\Documents.Search.ElasticSearch.csproj", "{9089D5FC-B5C2-4D0D-94CC-C0BA6CA1E4F7}"
EndProject
Project("{9A19103F-16F7-4668-BE54-9A1E7A4F7556}") = "Documents.Search", "src\Documents.Search\Documents.Search.csproj", "{AD85AB55-9B6E-400A-9459-AB05394F8D7B}"
EndProject
Project("{9A19103F-16F7-4668-BE54-9A1E7A4F7556}") = "Documents.Queues.RabbitMQ.Driver", "src\Documents.Queues.RabbitMQ.Driver\Documents.Queues.RabbitMQ.Driver.csproj", "{3F8EBEC6-B664-43DC-BB55-77D4F7C33FB0}"
EndProject
Project("{9A19103F-16F7-4668-BE54-9A1E7A4F7556}") = "Documents.Queues.Tasks.EventRouter", "src\Documents.Queues.Tasks.EventRouter\Documents.Queues.Tasks.EventRouter.csproj", "{0B24D8A0-3E3F-4280-800A-928B816F6F49}"
EndProject
Project("{9A19103F-16F7-4668-BE54-9A1E7A4F7556}") = "Documents.API.Common.EventHooks", "src\Documents.API.Common.EventHooks\Documents.API.Common.EventHooks.csproj", "{7C139137-4A33-4F93-B9A1-618A0F111921}"
EndProject
Project("{9A19103F-16F7-4668-BE54-9A1E7A4F7556}") = "Documents.Network.Bastion", "src\Documents.Network.Bastion\Documents.Network.Bastion.csproj", "{D87F73EF-1A80-4F7F-9182-1940CA7CF6A7}"
EndProject
Project("{9A19103F-16F7-4668-BE54-9A1E7A4F7556}") = "Documents.Queues.Tasks.ImageGen", "src\Documents.Queues.Tasks.ImageGen\Documents.Queues.Tasks.ImageGen.csproj", "{C430A0F0-0CEE-46B6-AB50-F01023BB7DF6}"
EndProject
Project("{9A19103F-16F7-4668-BE54-9A1E7A4F7556}") = "Documents.Queues.Messages", "src\Documents.Queues.Messages\Documents.Queues.Messages.csproj", "{3BF083DE-5447-4F5E-AE5B-7009FB32B194}"
EndProject
Project("{2150E333-8FDC-42A3-9474-1A3956D46DE8}") = "Solution Items", "Solution Items", "{0331C0DE-4962-479D-AAE3-5F873E42F0F2}"
	ProjectSection(SolutionItems) = preProject
		debug.config.json = debug.config.json
		NuGet.Config = NuGet.Config
		README.md = README.md
	EndProjectSection
EndProject
Project("{9A19103F-16F7-4668-BE54-9A1E7A4F7556}") = "Documents.Queues.Tasks.Archive", "src\Documents.Queues.Tasks.Archive\Documents.Queues.Tasks.Archive.csproj", "{EF5065A4-0C53-4711-8BD7-FB5F31D1BB76}"
EndProject
Project("{9A19103F-16F7-4668-BE54-9A1E7A4F7556}") = "Documents.Queues.Tasks.Synchronize", "src\Documents.Queues.Tasks.Synchronize\Documents.Queues.Tasks.Synchronize.csproj", "{76A66C0E-E5FB-4105-9E64-EED7ED29158A}"
EndProject
Project("{9A19103F-16F7-4668-BE54-9A1E7A4F7556}") = "Documents.Filters.Watermarks", "src\Documents.Filters.Watermarks\Documents.Filters.Watermarks.csproj", "{D18C7DE6-2855-4398-B520-0644AE744179}"
EndProject
Project("{9A19103F-16F7-4668-BE54-9A1E7A4F7556}") = "Documents.Common", "src\Documents.Common\Documents.Common.csproj", "{68690DA3-AA9D-47DD-8F25-DB828E9C2FEC}"
EndProject
Project("{9A19103F-16F7-4668-BE54-9A1E7A4F7556}") = "Documents.Common.WebHost", "src\Documents.Common.WebHost\Documents.Common.WebHost.csproj", "{DF6D1B62-E67C-40E7-888D-E3F3487919AC}"
EndProject
Project("{9A19103F-16F7-4668-BE54-9A1E7A4F7556}") = "Documents.Store", "src\Documents.Store\Documents.Store.csproj", "{BFCB2036-A5EA-4673-9819-79E2541A5B01}"
EndProject
Project("{9A19103F-16F7-4668-BE54-9A1E7A4F7556}") = "Documents.Backends.Drivers", "src\Documents.Backends.Drivers\Documents.Backends.Drivers.csproj", "{6FD2B720-96C9-4AE6-86A3-52DA2DA20239}"
EndProject
Project("{9A19103F-16F7-4668-BE54-9A1E7A4F7556}") = "Documents.Backends.Drivers.Encryption", "src\Documents.Backends.Drivers.Encryption\Documents.Backends.Drivers.Encryption.csproj", "{1354383C-D69C-4D3B-82A1-6EFCA2158A5F}"
EndProject
Project("{9A19103F-16F7-4668-BE54-9A1E7A4F7556}") = "Documents.Backends.Drivers.FileSystem", "src\Documents.Backends.Drivers.FileSystem\Documents.Backends.Drivers.FileSystem.csproj", "{F217F1F9-5E8A-48C6-83F9-900F070D3F80}"
EndProject
Project("{9A19103F-16F7-4668-BE54-9A1E7A4F7556}") = "Documents.Backends.Drivers.S3", "src\Documents.Backends.Drivers.S3\Documents.Backends.Drivers.S3.csproj", "{6F469F5D-B847-4C10-A307-BCC614752E1A}"
EndProject
Project("{9A19103F-16F7-4668-BE54-9A1E7A4F7556}") = "Documents.Store.SqlServer", "src\Documents.Store.SqlServer\Documents.Store.SqlServer.csproj", "{E887C26B-0854-4F53-BEC3-0F205D7C008C}"
EndProject
Project("{9A19103F-16F7-4668-BE54-9A1E7A4F7556}") = "Documents.Queues.Tasks.Voicebase", "src\Documents.Queues.Tasks.Voicebase\Documents.Queues.Tasks.Voicebase.csproj", "{8CC85F4B-0161-4DA2-9A31-011435D26A2A}"
EndProject
Project("{9A19103F-16F7-4668-BE54-9A1E7A4F7556}") = "Documents.Provisioning", "src\Documents.Provisioning\Documents.Provisioning.csproj", "{388E0E2D-12E3-44CD-B051-FE08EFC0D1B8}"
EndProject
Project("{9A19103F-16F7-4668-BE54-9A1E7A4F7556}") = "Documents.Queues.Tasks.ExifTool", "src\Documents.Queues.Tasks.ExifTool\Documents.Queues.Tasks.ExifTool.csproj", "{D2ED5200-C3D8-44C4-AC39-773CCBDF4969}"
EndProject
Project("{9A19103F-16F7-4668-BE54-9A1E7A4F7556}") = "Documents.Clients.Tools", "src\Documents.Clients.Tools\Documents.Clients.Tools.csproj", "{D2633983-A382-437F-A2A5-74ED98B94A50}"
EndProject
Project("{9A19103F-16F7-4668-BE54-9A1E7A4F7556}") = "Documents.Queues.Tasks.Notify", "src\Documents.Queues.Tasks.Notify\Documents.Queues.Tasks.Notify.csproj", "{412BECD5-2C57-4524-8C9E-675D2C299D80}"
EndProject
Project("{9A19103F-16F7-4668-BE54-9A1E7A4F7556}") = "Documents.Queues.Tasks.LogReader", "src\Documents.Queues.Tasks.LogReader\Documents.Queues.Tasks.LogReader.csproj", "{B23B6E09-B1AD-4D98-A3AC-535D8A659BA1}"
EndProject
Project("{9A19103F-16F7-4668-BE54-9A1E7A4F7556}") = "Documents.Clients.Admin", "src\Documents.Clients.Admin\Documents.Clients.Admin.csproj", "{4E986E1D-BF66-4C5B-B794-79218968F3C5}"
EndProject
Global
	GlobalSection(SolutionConfigurationPlatforms) = preSolution
		Debug Local|Any CPU = Debug Local|Any CPU
		Debug|Any CPU = Debug|Any CPU
		Release|Any CPU = Release|Any CPU
	EndGlobalSection
	GlobalSection(ProjectConfigurationPlatforms) = postSolution
		{F9BBFAFA-359B-45C6-804B-6260C3B2530B}.Debug Local|Any CPU.ActiveCfg = Debug|Any CPU
		{F9BBFAFA-359B-45C6-804B-6260C3B2530B}.Debug Local|Any CPU.Build.0 = Debug|Any CPU
		{F9BBFAFA-359B-45C6-804B-6260C3B2530B}.Debug|Any CPU.ActiveCfg = Debug|Any CPU
		{F9BBFAFA-359B-45C6-804B-6260C3B2530B}.Debug|Any CPU.Build.0 = Debug|Any CPU
		{F9BBFAFA-359B-45C6-804B-6260C3B2530B}.Release|Any CPU.ActiveCfg = Release|Any CPU
		{F9BBFAFA-359B-45C6-804B-6260C3B2530B}.Release|Any CPU.Build.0 = Release|Any CPU
		{A73F1165-6257-4954-81FE-24BCA3050A0C}.Debug Local|Any CPU.ActiveCfg = Debug|Any CPU
		{A73F1165-6257-4954-81FE-24BCA3050A0C}.Debug Local|Any CPU.Build.0 = Debug|Any CPU
		{A73F1165-6257-4954-81FE-24BCA3050A0C}.Debug|Any CPU.ActiveCfg = Debug|Any CPU
		{A73F1165-6257-4954-81FE-24BCA3050A0C}.Debug|Any CPU.Build.0 = Debug|Any CPU
		{A73F1165-6257-4954-81FE-24BCA3050A0C}.Release|Any CPU.ActiveCfg = Release|Any CPU
		{A73F1165-6257-4954-81FE-24BCA3050A0C}.Release|Any CPU.Build.0 = Release|Any CPU
		{666666F2-B0C6-4418-BFF2-F7767033C49F}.Debug Local|Any CPU.ActiveCfg = Debug|Any CPU
		{666666F2-B0C6-4418-BFF2-F7767033C49F}.Debug Local|Any CPU.Build.0 = Debug|Any CPU
		{666666F2-B0C6-4418-BFF2-F7767033C49F}.Debug|Any CPU.ActiveCfg = Debug|Any CPU
		{666666F2-B0C6-4418-BFF2-F7767033C49F}.Debug|Any CPU.Build.0 = Debug|Any CPU
		{666666F2-B0C6-4418-BFF2-F7767033C49F}.Release|Any CPU.ActiveCfg = Release|Any CPU
		{666666F2-B0C6-4418-BFF2-F7767033C49F}.Release|Any CPU.Build.0 = Release|Any CPU
		{6725471B-F376-48C5-AB41-90429972BA14}.Debug Local|Any CPU.ActiveCfg = Debug|Any CPU
		{6725471B-F376-48C5-AB41-90429972BA14}.Debug Local|Any CPU.Build.0 = Debug|Any CPU
		{6725471B-F376-48C5-AB41-90429972BA14}.Debug|Any CPU.ActiveCfg = Debug|Any CPU
		{6725471B-F376-48C5-AB41-90429972BA14}.Debug|Any CPU.Build.0 = Debug|Any CPU
		{6725471B-F376-48C5-AB41-90429972BA14}.Release|Any CPU.ActiveCfg = Release|Any CPU
		{6725471B-F376-48C5-AB41-90429972BA14}.Release|Any CPU.Build.0 = Release|Any CPU
		{A03D9DFF-09FE-404A-AC6D-4AEDEA8D67FA}.Debug Local|Any CPU.ActiveCfg = Debug|Any CPU
		{A03D9DFF-09FE-404A-AC6D-4AEDEA8D67FA}.Debug Local|Any CPU.Build.0 = Debug|Any CPU
		{A03D9DFF-09FE-404A-AC6D-4AEDEA8D67FA}.Debug|Any CPU.ActiveCfg = Debug|Any CPU
		{A03D9DFF-09FE-404A-AC6D-4AEDEA8D67FA}.Debug|Any CPU.Build.0 = Debug|Any CPU
		{A03D9DFF-09FE-404A-AC6D-4AEDEA8D67FA}.Release|Any CPU.ActiveCfg = Release|Any CPU
		{A03D9DFF-09FE-404A-AC6D-4AEDEA8D67FA}.Release|Any CPU.Build.0 = Release|Any CPU
		{CCB92016-89F7-4C06-98CC-7D7700DB56D5}.Debug Local|Any CPU.ActiveCfg = Debug|Any CPU
		{CCB92016-89F7-4C06-98CC-7D7700DB56D5}.Debug Local|Any CPU.Build.0 = Debug|Any CPU
		{CCB92016-89F7-4C06-98CC-7D7700DB56D5}.Debug|Any CPU.ActiveCfg = Debug|Any CPU
		{CCB92016-89F7-4C06-98CC-7D7700DB56D5}.Debug|Any CPU.Build.0 = Debug|Any CPU
		{CCB92016-89F7-4C06-98CC-7D7700DB56D5}.Release|Any CPU.ActiveCfg = Release|Any CPU
		{CCB92016-89F7-4C06-98CC-7D7700DB56D5}.Release|Any CPU.Build.0 = Release|Any CPU
		{54C23166-54B0-4D5E-9F81-C8340CB3BFE0}.Debug Local|Any CPU.ActiveCfg = Debug|Any CPU
		{54C23166-54B0-4D5E-9F81-C8340CB3BFE0}.Debug Local|Any CPU.Build.0 = Debug|Any CPU
		{54C23166-54B0-4D5E-9F81-C8340CB3BFE0}.Debug|Any CPU.ActiveCfg = Debug|Any CPU
		{54C23166-54B0-4D5E-9F81-C8340CB3BFE0}.Debug|Any CPU.Build.0 = Debug|Any CPU
		{54C23166-54B0-4D5E-9F81-C8340CB3BFE0}.Release|Any CPU.ActiveCfg = Release|Any CPU
		{54C23166-54B0-4D5E-9F81-C8340CB3BFE0}.Release|Any CPU.Build.0 = Release|Any CPU
		{A102EEB7-9F3B-4516-B5C3-375E45343BF1}.Debug Local|Any CPU.ActiveCfg = Debug|Any CPU
		{A102EEB7-9F3B-4516-B5C3-375E45343BF1}.Debug Local|Any CPU.Build.0 = Debug|Any CPU
		{A102EEB7-9F3B-4516-B5C3-375E45343BF1}.Debug|Any CPU.ActiveCfg = Debug|Any CPU
		{A102EEB7-9F3B-4516-B5C3-375E45343BF1}.Debug|Any CPU.Build.0 = Debug|Any CPU
		{A102EEB7-9F3B-4516-B5C3-375E45343BF1}.Release|Any CPU.ActiveCfg = Release|Any CPU
		{A102EEB7-9F3B-4516-B5C3-375E45343BF1}.Release|Any CPU.Build.0 = Release|Any CPU
		{5A7E7C9F-452E-4FE1-A09C-9EAF0D5BAD55}.Debug Local|Any CPU.ActiveCfg = Debug|Any CPU
		{5A7E7C9F-452E-4FE1-A09C-9EAF0D5BAD55}.Debug Local|Any CPU.Build.0 = Debug|Any CPU
		{5A7E7C9F-452E-4FE1-A09C-9EAF0D5BAD55}.Debug|Any CPU.ActiveCfg = Debug|Any CPU
		{5A7E7C9F-452E-4FE1-A09C-9EAF0D5BAD55}.Debug|Any CPU.Build.0 = Debug|Any CPU
		{5A7E7C9F-452E-4FE1-A09C-9EAF0D5BAD55}.Release|Any CPU.ActiveCfg = Release|Any CPU
		{5A7E7C9F-452E-4FE1-A09C-9EAF0D5BAD55}.Release|Any CPU.Build.0 = Release|Any CPU
		{4C98EE52-2D47-4A83-821C-7A465FDBE37A}.Debug Local|Any CPU.ActiveCfg = Debug|Any CPU
		{4C98EE52-2D47-4A83-821C-7A465FDBE37A}.Debug Local|Any CPU.Build.0 = Debug|Any CPU
		{4C98EE52-2D47-4A83-821C-7A465FDBE37A}.Debug|Any CPU.ActiveCfg = Debug|Any CPU
		{4C98EE52-2D47-4A83-821C-7A465FDBE37A}.Debug|Any CPU.Build.0 = Debug|Any CPU
		{4C98EE52-2D47-4A83-821C-7A465FDBE37A}.Release|Any CPU.ActiveCfg = Release|Any CPU
		{4C98EE52-2D47-4A83-821C-7A465FDBE37A}.Release|Any CPU.Build.0 = Release|Any CPU
		{A9302F7F-600B-4857-9DE1-89433E9ACECC}.Debug Local|Any CPU.ActiveCfg = Debug|Any CPU
		{A9302F7F-600B-4857-9DE1-89433E9ACECC}.Debug Local|Any CPU.Build.0 = Debug|Any CPU
		{A9302F7F-600B-4857-9DE1-89433E9ACECC}.Debug|Any CPU.ActiveCfg = Debug|Any CPU
		{A9302F7F-600B-4857-9DE1-89433E9ACECC}.Debug|Any CPU.Build.0 = Debug|Any CPU
		{A9302F7F-600B-4857-9DE1-89433E9ACECC}.Release|Any CPU.ActiveCfg = Release|Any CPU
		{A9302F7F-600B-4857-9DE1-89433E9ACECC}.Release|Any CPU.Build.0 = Release|Any CPU
		{4F6A1EF3-6A6C-4705-8028-F3075056BA19}.Debug Local|Any CPU.ActiveCfg = Debug|Any CPU
		{4F6A1EF3-6A6C-4705-8028-F3075056BA19}.Debug Local|Any CPU.Build.0 = Debug|Any CPU
		{4F6A1EF3-6A6C-4705-8028-F3075056BA19}.Debug|Any CPU.ActiveCfg = Debug|Any CPU
		{4F6A1EF3-6A6C-4705-8028-F3075056BA19}.Debug|Any CPU.Build.0 = Debug|Any CPU
		{4F6A1EF3-6A6C-4705-8028-F3075056BA19}.Release|Any CPU.ActiveCfg = Release|Any CPU
		{4F6A1EF3-6A6C-4705-8028-F3075056BA19}.Release|Any CPU.Build.0 = Release|Any CPU
		{9C522894-5721-42BA-8DEC-13304E1AF3D6}.Debug Local|Any CPU.ActiveCfg = Debug|Any CPU
		{9C522894-5721-42BA-8DEC-13304E1AF3D6}.Debug Local|Any CPU.Build.0 = Debug|Any CPU
		{9C522894-5721-42BA-8DEC-13304E1AF3D6}.Debug|Any CPU.ActiveCfg = Debug|Any CPU
		{9C522894-5721-42BA-8DEC-13304E1AF3D6}.Debug|Any CPU.Build.0 = Debug|Any CPU
		{9C522894-5721-42BA-8DEC-13304E1AF3D6}.Release|Any CPU.ActiveCfg = Release|Any CPU
		{9C522894-5721-42BA-8DEC-13304E1AF3D6}.Release|Any CPU.Build.0 = Release|Any CPU
		{761E4116-24AE-48A4-95ED-5E21D9E1870E}.Debug Local|Any CPU.ActiveCfg = Debug|Any CPU
		{761E4116-24AE-48A4-95ED-5E21D9E1870E}.Debug Local|Any CPU.Build.0 = Debug|Any CPU
		{761E4116-24AE-48A4-95ED-5E21D9E1870E}.Debug|Any CPU.ActiveCfg = Debug|Any CPU
		{761E4116-24AE-48A4-95ED-5E21D9E1870E}.Debug|Any CPU.Build.0 = Debug|Any CPU
		{761E4116-24AE-48A4-95ED-5E21D9E1870E}.Release|Any CPU.ActiveCfg = Release|Any CPU
		{761E4116-24AE-48A4-95ED-5E21D9E1870E}.Release|Any CPU.Build.0 = Release|Any CPU
		{9089D5FC-B5C2-4D0D-94CC-C0BA6CA1E4F7}.Debug Local|Any CPU.ActiveCfg = Debug|Any CPU
		{9089D5FC-B5C2-4D0D-94CC-C0BA6CA1E4F7}.Debug Local|Any CPU.Build.0 = Debug|Any CPU
		{9089D5FC-B5C2-4D0D-94CC-C0BA6CA1E4F7}.Debug|Any CPU.ActiveCfg = Debug|Any CPU
		{9089D5FC-B5C2-4D0D-94CC-C0BA6CA1E4F7}.Debug|Any CPU.Build.0 = Debug|Any CPU
		{9089D5FC-B5C2-4D0D-94CC-C0BA6CA1E4F7}.Release|Any CPU.ActiveCfg = Release|Any CPU
		{9089D5FC-B5C2-4D0D-94CC-C0BA6CA1E4F7}.Release|Any CPU.Build.0 = Release|Any CPU
		{AD85AB55-9B6E-400A-9459-AB05394F8D7B}.Debug Local|Any CPU.ActiveCfg = Debug|Any CPU
		{AD85AB55-9B6E-400A-9459-AB05394F8D7B}.Debug Local|Any CPU.Build.0 = Debug|Any CPU
		{AD85AB55-9B6E-400A-9459-AB05394F8D7B}.Debug|Any CPU.ActiveCfg = Debug|Any CPU
		{AD85AB55-9B6E-400A-9459-AB05394F8D7B}.Debug|Any CPU.Build.0 = Debug|Any CPU
		{AD85AB55-9B6E-400A-9459-AB05394F8D7B}.Release|Any CPU.ActiveCfg = Release|Any CPU
		{AD85AB55-9B6E-400A-9459-AB05394F8D7B}.Release|Any CPU.Build.0 = Release|Any CPU
		{3F8EBEC6-B664-43DC-BB55-77D4F7C33FB0}.Debug Local|Any CPU.ActiveCfg = Debug|Any CPU
		{3F8EBEC6-B664-43DC-BB55-77D4F7C33FB0}.Debug Local|Any CPU.Build.0 = Debug|Any CPU
		{3F8EBEC6-B664-43DC-BB55-77D4F7C33FB0}.Debug|Any CPU.ActiveCfg = Debug|Any CPU
		{3F8EBEC6-B664-43DC-BB55-77D4F7C33FB0}.Debug|Any CPU.Build.0 = Debug|Any CPU
		{3F8EBEC6-B664-43DC-BB55-77D4F7C33FB0}.Release|Any CPU.ActiveCfg = Release|Any CPU
		{3F8EBEC6-B664-43DC-BB55-77D4F7C33FB0}.Release|Any CPU.Build.0 = Release|Any CPU
		{0B24D8A0-3E3F-4280-800A-928B816F6F49}.Debug Local|Any CPU.ActiveCfg = Debug|Any CPU
		{0B24D8A0-3E3F-4280-800A-928B816F6F49}.Debug Local|Any CPU.Build.0 = Debug|Any CPU
		{0B24D8A0-3E3F-4280-800A-928B816F6F49}.Debug|Any CPU.ActiveCfg = Debug|Any CPU
		{0B24D8A0-3E3F-4280-800A-928B816F6F49}.Debug|Any CPU.Build.0 = Debug|Any CPU
		{0B24D8A0-3E3F-4280-800A-928B816F6F49}.Release|Any CPU.ActiveCfg = Release|Any CPU
		{0B24D8A0-3E3F-4280-800A-928B816F6F49}.Release|Any CPU.Build.0 = Release|Any CPU
		{7C139137-4A33-4F93-B9A1-618A0F111921}.Debug Local|Any CPU.ActiveCfg = Debug|Any CPU
		{7C139137-4A33-4F93-B9A1-618A0F111921}.Debug Local|Any CPU.Build.0 = Debug|Any CPU
		{7C139137-4A33-4F93-B9A1-618A0F111921}.Debug|Any CPU.ActiveCfg = Debug|Any CPU
		{7C139137-4A33-4F93-B9A1-618A0F111921}.Debug|Any CPU.Build.0 = Debug|Any CPU
		{7C139137-4A33-4F93-B9A1-618A0F111921}.Release|Any CPU.ActiveCfg = Release|Any CPU
		{7C139137-4A33-4F93-B9A1-618A0F111921}.Release|Any CPU.Build.0 = Release|Any CPU
		{D87F73EF-1A80-4F7F-9182-1940CA7CF6A7}.Debug Local|Any CPU.ActiveCfg = Debug|Any CPU
		{D87F73EF-1A80-4F7F-9182-1940CA7CF6A7}.Debug Local|Any CPU.Build.0 = Debug|Any CPU
		{D87F73EF-1A80-4F7F-9182-1940CA7CF6A7}.Debug|Any CPU.ActiveCfg = Debug|Any CPU
		{D87F73EF-1A80-4F7F-9182-1940CA7CF6A7}.Debug|Any CPU.Build.0 = Debug|Any CPU
		{D87F73EF-1A80-4F7F-9182-1940CA7CF6A7}.Release|Any CPU.ActiveCfg = Release|Any CPU
		{D87F73EF-1A80-4F7F-9182-1940CA7CF6A7}.Release|Any CPU.Build.0 = Release|Any CPU
		{C430A0F0-0CEE-46B6-AB50-F01023BB7DF6}.Debug Local|Any CPU.ActiveCfg = Debug|Any CPU
		{C430A0F0-0CEE-46B6-AB50-F01023BB7DF6}.Debug Local|Any CPU.Build.0 = Debug|Any CPU
		{C430A0F0-0CEE-46B6-AB50-F01023BB7DF6}.Debug|Any CPU.ActiveCfg = Debug|Any CPU
		{C430A0F0-0CEE-46B6-AB50-F01023BB7DF6}.Debug|Any CPU.Build.0 = Debug|Any CPU
		{C430A0F0-0CEE-46B6-AB50-F01023BB7DF6}.Release|Any CPU.ActiveCfg = Release|Any CPU
		{C430A0F0-0CEE-46B6-AB50-F01023BB7DF6}.Release|Any CPU.Build.0 = Release|Any CPU
		{3BF083DE-5447-4F5E-AE5B-7009FB32B194}.Debug Local|Any CPU.ActiveCfg = Debug|Any CPU
		{3BF083DE-5447-4F5E-AE5B-7009FB32B194}.Debug Local|Any CPU.Build.0 = Debug|Any CPU
		{3BF083DE-5447-4F5E-AE5B-7009FB32B194}.Debug|Any CPU.ActiveCfg = Debug|Any CPU
		{3BF083DE-5447-4F5E-AE5B-7009FB32B194}.Debug|Any CPU.Build.0 = Debug|Any CPU
		{3BF083DE-5447-4F5E-AE5B-7009FB32B194}.Release|Any CPU.ActiveCfg = Release|Any CPU
		{3BF083DE-5447-4F5E-AE5B-7009FB32B194}.Release|Any CPU.Build.0 = Release|Any CPU
		{EF5065A4-0C53-4711-8BD7-FB5F31D1BB76}.Debug Local|Any CPU.ActiveCfg = Debug|Any CPU
		{EF5065A4-0C53-4711-8BD7-FB5F31D1BB76}.Debug Local|Any CPU.Build.0 = Debug|Any CPU
		{EF5065A4-0C53-4711-8BD7-FB5F31D1BB76}.Debug|Any CPU.ActiveCfg = Debug|Any CPU
		{EF5065A4-0C53-4711-8BD7-FB5F31D1BB76}.Debug|Any CPU.Build.0 = Debug|Any CPU
		{EF5065A4-0C53-4711-8BD7-FB5F31D1BB76}.Release|Any CPU.ActiveCfg = Release|Any CPU
		{EF5065A4-0C53-4711-8BD7-FB5F31D1BB76}.Release|Any CPU.Build.0 = Release|Any CPU
		{76A66C0E-E5FB-4105-9E64-EED7ED29158A}.Debug Local|Any CPU.ActiveCfg = Debug|Any CPU
		{76A66C0E-E5FB-4105-9E64-EED7ED29158A}.Debug Local|Any CPU.Build.0 = Debug|Any CPU
		{76A66C0E-E5FB-4105-9E64-EED7ED29158A}.Debug|Any CPU.ActiveCfg = Debug|Any CPU
		{76A66C0E-E5FB-4105-9E64-EED7ED29158A}.Debug|Any CPU.Build.0 = Debug|Any CPU
		{76A66C0E-E5FB-4105-9E64-EED7ED29158A}.Release|Any CPU.ActiveCfg = Release|Any CPU
		{76A66C0E-E5FB-4105-9E64-EED7ED29158A}.Release|Any CPU.Build.0 = Release|Any CPU
		{D18C7DE6-2855-4398-B520-0644AE744179}.Debug Local|Any CPU.ActiveCfg = Debug|Any CPU
		{D18C7DE6-2855-4398-B520-0644AE744179}.Debug Local|Any CPU.Build.0 = Debug|Any CPU
		{D18C7DE6-2855-4398-B520-0644AE744179}.Debug|Any CPU.ActiveCfg = Debug|Any CPU
		{D18C7DE6-2855-4398-B520-0644AE744179}.Debug|Any CPU.Build.0 = Debug|Any CPU
		{D18C7DE6-2855-4398-B520-0644AE744179}.Release|Any CPU.ActiveCfg = Release|Any CPU
		{D18C7DE6-2855-4398-B520-0644AE744179}.Release|Any CPU.Build.0 = Release|Any CPU
		{68690DA3-AA9D-47DD-8F25-DB828E9C2FEC}.Debug Local|Any CPU.ActiveCfg = Debug|Any CPU
		{68690DA3-AA9D-47DD-8F25-DB828E9C2FEC}.Debug Local|Any CPU.Build.0 = Debug|Any CPU
		{68690DA3-AA9D-47DD-8F25-DB828E9C2FEC}.Debug|Any CPU.ActiveCfg = Debug|Any CPU
		{68690DA3-AA9D-47DD-8F25-DB828E9C2FEC}.Debug|Any CPU.Build.0 = Debug|Any CPU
		{68690DA3-AA9D-47DD-8F25-DB828E9C2FEC}.Release|Any CPU.ActiveCfg = Release|Any CPU
		{68690DA3-AA9D-47DD-8F25-DB828E9C2FEC}.Release|Any CPU.Build.0 = Release|Any CPU
		{DF6D1B62-E67C-40E7-888D-E3F3487919AC}.Debug Local|Any CPU.ActiveCfg = Debug|Any CPU
		{DF6D1B62-E67C-40E7-888D-E3F3487919AC}.Debug Local|Any CPU.Build.0 = Debug|Any CPU
		{DF6D1B62-E67C-40E7-888D-E3F3487919AC}.Debug|Any CPU.ActiveCfg = Debug|Any CPU
		{DF6D1B62-E67C-40E7-888D-E3F3487919AC}.Debug|Any CPU.Build.0 = Debug|Any CPU
		{DF6D1B62-E67C-40E7-888D-E3F3487919AC}.Release|Any CPU.ActiveCfg = Release|Any CPU
		{DF6D1B62-E67C-40E7-888D-E3F3487919AC}.Release|Any CPU.Build.0 = Release|Any CPU
		{BFCB2036-A5EA-4673-9819-79E2541A5B01}.Debug Local|Any CPU.ActiveCfg = Debug|Any CPU
		{BFCB2036-A5EA-4673-9819-79E2541A5B01}.Debug Local|Any CPU.Build.0 = Debug|Any CPU
		{BFCB2036-A5EA-4673-9819-79E2541A5B01}.Debug|Any CPU.ActiveCfg = Debug|Any CPU
		{BFCB2036-A5EA-4673-9819-79E2541A5B01}.Debug|Any CPU.Build.0 = Debug|Any CPU
		{BFCB2036-A5EA-4673-9819-79E2541A5B01}.Release|Any CPU.ActiveCfg = Release|Any CPU
		{BFCB2036-A5EA-4673-9819-79E2541A5B01}.Release|Any CPU.Build.0 = Release|Any CPU
		{6FD2B720-96C9-4AE6-86A3-52DA2DA20239}.Debug Local|Any CPU.ActiveCfg = Debug|Any CPU
		{6FD2B720-96C9-4AE6-86A3-52DA2DA20239}.Debug Local|Any CPU.Build.0 = Debug|Any CPU
		{6FD2B720-96C9-4AE6-86A3-52DA2DA20239}.Debug|Any CPU.ActiveCfg = Debug|Any CPU
		{6FD2B720-96C9-4AE6-86A3-52DA2DA20239}.Debug|Any CPU.Build.0 = Debug|Any CPU
		{6FD2B720-96C9-4AE6-86A3-52DA2DA20239}.Release|Any CPU.ActiveCfg = Release|Any CPU
		{6FD2B720-96C9-4AE6-86A3-52DA2DA20239}.Release|Any CPU.Build.0 = Release|Any CPU
		{1354383C-D69C-4D3B-82A1-6EFCA2158A5F}.Debug Local|Any CPU.ActiveCfg = Debug|Any CPU
		{1354383C-D69C-4D3B-82A1-6EFCA2158A5F}.Debug Local|Any CPU.Build.0 = Debug|Any CPU
		{1354383C-D69C-4D3B-82A1-6EFCA2158A5F}.Debug|Any CPU.ActiveCfg = Debug|Any CPU
		{1354383C-D69C-4D3B-82A1-6EFCA2158A5F}.Debug|Any CPU.Build.0 = Debug|Any CPU
		{1354383C-D69C-4D3B-82A1-6EFCA2158A5F}.Release|Any CPU.ActiveCfg = Release|Any CPU
		{1354383C-D69C-4D3B-82A1-6EFCA2158A5F}.Release|Any CPU.Build.0 = Release|Any CPU
		{F217F1F9-5E8A-48C6-83F9-900F070D3F80}.Debug Local|Any CPU.ActiveCfg = Debug|Any CPU
		{F217F1F9-5E8A-48C6-83F9-900F070D3F80}.Debug Local|Any CPU.Build.0 = Debug|Any CPU
		{F217F1F9-5E8A-48C6-83F9-900F070D3F80}.Debug|Any CPU.ActiveCfg = Debug|Any CPU
		{F217F1F9-5E8A-48C6-83F9-900F070D3F80}.Debug|Any CPU.Build.0 = Debug|Any CPU
		{F217F1F9-5E8A-48C6-83F9-900F070D3F80}.Release|Any CPU.ActiveCfg = Release|Any CPU
		{F217F1F9-5E8A-48C6-83F9-900F070D3F80}.Release|Any CPU.Build.0 = Release|Any CPU
		{6F469F5D-B847-4C10-A307-BCC614752E1A}.Debug Local|Any CPU.ActiveCfg = Debug|Any CPU
		{6F469F5D-B847-4C10-A307-BCC614752E1A}.Debug Local|Any CPU.Build.0 = Debug|Any CPU
		{6F469F5D-B847-4C10-A307-BCC614752E1A}.Debug|Any CPU.ActiveCfg = Debug|Any CPU
		{6F469F5D-B847-4C10-A307-BCC614752E1A}.Debug|Any CPU.Build.0 = Debug|Any CPU
		{6F469F5D-B847-4C10-A307-BCC614752E1A}.Release|Any CPU.ActiveCfg = Release|Any CPU
		{6F469F5D-B847-4C10-A307-BCC614752E1A}.Release|Any CPU.Build.0 = Release|Any CPU
		{E887C26B-0854-4F53-BEC3-0F205D7C008C}.Debug Local|Any CPU.ActiveCfg = Debug|Any CPU
		{E887C26B-0854-4F53-BEC3-0F205D7C008C}.Debug Local|Any CPU.Build.0 = Debug|Any CPU
		{E887C26B-0854-4F53-BEC3-0F205D7C008C}.Debug|Any CPU.ActiveCfg = Debug|Any CPU
		{E887C26B-0854-4F53-BEC3-0F205D7C008C}.Debug|Any CPU.Build.0 = Debug|Any CPU
		{E887C26B-0854-4F53-BEC3-0F205D7C008C}.Release|Any CPU.ActiveCfg = Release|Any CPU
		{E887C26B-0854-4F53-BEC3-0F205D7C008C}.Release|Any CPU.Build.0 = Release|Any CPU
		{8CC85F4B-0161-4DA2-9A31-011435D26A2A}.Debug Local|Any CPU.ActiveCfg = Debug|Any CPU
		{8CC85F4B-0161-4DA2-9A31-011435D26A2A}.Debug Local|Any CPU.Build.0 = Debug|Any CPU
		{8CC85F4B-0161-4DA2-9A31-011435D26A2A}.Debug|Any CPU.ActiveCfg = Debug|Any CPU
		{8CC85F4B-0161-4DA2-9A31-011435D26A2A}.Debug|Any CPU.Build.0 = Debug|Any CPU
		{8CC85F4B-0161-4DA2-9A31-011435D26A2A}.Release|Any CPU.ActiveCfg = Release|Any CPU
		{8CC85F4B-0161-4DA2-9A31-011435D26A2A}.Release|Any CPU.Build.0 = Release|Any CPU
		{388E0E2D-12E3-44CD-B051-FE08EFC0D1B8}.Debug Local|Any CPU.ActiveCfg = Debug|Any CPU
		{388E0E2D-12E3-44CD-B051-FE08EFC0D1B8}.Debug Local|Any CPU.Build.0 = Debug|Any CPU
		{388E0E2D-12E3-44CD-B051-FE08EFC0D1B8}.Debug|Any CPU.ActiveCfg = Debug|Any CPU
		{388E0E2D-12E3-44CD-B051-FE08EFC0D1B8}.Debug|Any CPU.Build.0 = Debug|Any CPU
		{388E0E2D-12E3-44CD-B051-FE08EFC0D1B8}.Release|Any CPU.ActiveCfg = Release|Any CPU
		{388E0E2D-12E3-44CD-B051-FE08EFC0D1B8}.Release|Any CPU.Build.0 = Release|Any CPU
		{D2ED5200-C3D8-44C4-AC39-773CCBDF4969}.Debug Local|Any CPU.ActiveCfg = Debug|Any CPU
		{D2ED5200-C3D8-44C4-AC39-773CCBDF4969}.Debug Local|Any CPU.Build.0 = Debug|Any CPU
		{D2ED5200-C3D8-44C4-AC39-773CCBDF4969}.Debug|Any CPU.ActiveCfg = Debug|Any CPU
		{D2ED5200-C3D8-44C4-AC39-773CCBDF4969}.Debug|Any CPU.Build.0 = Debug|Any CPU
		{D2ED5200-C3D8-44C4-AC39-773CCBDF4969}.Release|Any CPU.ActiveCfg = Release|Any CPU
		{D2ED5200-C3D8-44C4-AC39-773CCBDF4969}.Release|Any CPU.Build.0 = Release|Any CPU
		{D2633983-A382-437F-A2A5-74ED98B94A50}.Debug Local|Any CPU.ActiveCfg = Debug|Any CPU
		{D2633983-A382-437F-A2A5-74ED98B94A50}.Debug Local|Any CPU.Build.0 = Debug|Any CPU
		{D2633983-A382-437F-A2A5-74ED98B94A50}.Debug|Any CPU.ActiveCfg = Debug|Any CPU
		{D2633983-A382-437F-A2A5-74ED98B94A50}.Debug|Any CPU.Build.0 = Debug|Any CPU
		{D2633983-A382-437F-A2A5-74ED98B94A50}.Release|Any CPU.ActiveCfg = Release|Any CPU
		{D2633983-A382-437F-A2A5-74ED98B94A50}.Release|Any CPU.Build.0 = Release|Any CPU
		{412BECD5-2C57-4524-8C9E-675D2C299D80}.Debug Local|Any CPU.ActiveCfg = Debug|Any CPU
		{412BECD5-2C57-4524-8C9E-675D2C299D80}.Debug Local|Any CPU.Build.0 = Debug|Any CPU
		{412BECD5-2C57-4524-8C9E-675D2C299D80}.Debug|Any CPU.ActiveCfg = Debug|Any CPU
		{412BECD5-2C57-4524-8C9E-675D2C299D80}.Debug|Any CPU.Build.0 = Debug|Any CPU
		{412BECD5-2C57-4524-8C9E-675D2C299D80}.Release|Any CPU.ActiveCfg = Release|Any CPU
		{412BECD5-2C57-4524-8C9E-675D2C299D80}.Release|Any CPU.Build.0 = Release|Any CPU
		{B23B6E09-B1AD-4D98-A3AC-535D8A659BA1}.Debug Local|Any CPU.ActiveCfg = Debug|Any CPU
		{B23B6E09-B1AD-4D98-A3AC-535D8A659BA1}.Debug Local|Any CPU.Build.0 = Debug|Any CPU
		{B23B6E09-B1AD-4D98-A3AC-535D8A659BA1}.Debug|Any CPU.ActiveCfg = Debug|Any CPU
		{B23B6E09-B1AD-4D98-A3AC-535D8A659BA1}.Debug|Any CPU.Build.0 = Debug|Any CPU
		{B23B6E09-B1AD-4D98-A3AC-535D8A659BA1}.Release|Any CPU.ActiveCfg = Release|Any CPU
		{B23B6E09-B1AD-4D98-A3AC-535D8A659BA1}.Release|Any CPU.Build.0 = Release|Any CPU
		{4E986E1D-BF66-4C5B-B794-79218968F3C5}.Debug Local|Any CPU.ActiveCfg = Debug|Any CPU
		{4E986E1D-BF66-4C5B-B794-79218968F3C5}.Debug Local|Any CPU.Build.0 = Debug|Any CPU
		{4E986E1D-BF66-4C5B-B794-79218968F3C5}.Debug|Any CPU.ActiveCfg = Debug|Any CPU
		{4E986E1D-BF66-4C5B-B794-79218968F3C5}.Debug|Any CPU.Build.0 = Debug|Any CPU
		{4E986E1D-BF66-4C5B-B794-79218968F3C5}.Release|Any CPU.ActiveCfg = Release|Any CPU
		{4E986E1D-BF66-4C5B-B794-79218968F3C5}.Release|Any CPU.Build.0 = Release|Any CPU
	EndGlobalSection
	GlobalSection(SolutionProperties) = preSolution
		HideSolutionNode = FALSE
	EndGlobalSection
	GlobalSection(NestedProjects) = preSolution
		{F9BBFAFA-359B-45C6-804B-6260C3B2530B} = {A06BC2B8-7F45-4630-8636-6330A8F9CA9B}
		{A73F1165-6257-4954-81FE-24BCA3050A0C} = {A06BC2B8-7F45-4630-8636-6330A8F9CA9B}
		{666666F2-B0C6-4418-BFF2-F7767033C49F} = {A06BC2B8-7F45-4630-8636-6330A8F9CA9B}
		{6725471B-F376-48C5-AB41-90429972BA14} = {A06BC2B8-7F45-4630-8636-6330A8F9CA9B}
		{A03D9DFF-09FE-404A-AC6D-4AEDEA8D67FA} = {A06BC2B8-7F45-4630-8636-6330A8F9CA9B}
		{CCB92016-89F7-4C06-98CC-7D7700DB56D5} = {A06BC2B8-7F45-4630-8636-6330A8F9CA9B}
		{54C23166-54B0-4D5E-9F81-C8340CB3BFE0} = {A06BC2B8-7F45-4630-8636-6330A8F9CA9B}
		{A102EEB7-9F3B-4516-B5C3-375E45343BF1} = {A06BC2B8-7F45-4630-8636-6330A8F9CA9B}
		{5A7E7C9F-452E-4FE1-A09C-9EAF0D5BAD55} = {A06BC2B8-7F45-4630-8636-6330A8F9CA9B}
		{4C98EE52-2D47-4A83-821C-7A465FDBE37A} = {A06BC2B8-7F45-4630-8636-6330A8F9CA9B}
		{A9302F7F-600B-4857-9DE1-89433E9ACECC} = {A06BC2B8-7F45-4630-8636-6330A8F9CA9B}
		{4F6A1EF3-6A6C-4705-8028-F3075056BA19} = {A06BC2B8-7F45-4630-8636-6330A8F9CA9B}
		{9C522894-5721-42BA-8DEC-13304E1AF3D6} = {A06BC2B8-7F45-4630-8636-6330A8F9CA9B}
		{761E4116-24AE-48A4-95ED-5E21D9E1870E} = {A06BC2B8-7F45-4630-8636-6330A8F9CA9B}
		{9089D5FC-B5C2-4D0D-94CC-C0BA6CA1E4F7} = {A06BC2B8-7F45-4630-8636-6330A8F9CA9B}
		{AD85AB55-9B6E-400A-9459-AB05394F8D7B} = {A06BC2B8-7F45-4630-8636-6330A8F9CA9B}
		{3F8EBEC6-B664-43DC-BB55-77D4F7C33FB0} = {A06BC2B8-7F45-4630-8636-6330A8F9CA9B}
		{0B24D8A0-3E3F-4280-800A-928B816F6F49} = {A06BC2B8-7F45-4630-8636-6330A8F9CA9B}
		{7C139137-4A33-4F93-B9A1-618A0F111921} = {A06BC2B8-7F45-4630-8636-6330A8F9CA9B}
		{D87F73EF-1A80-4F7F-9182-1940CA7CF6A7} = {A06BC2B8-7F45-4630-8636-6330A8F9CA9B}
		{C430A0F0-0CEE-46B6-AB50-F01023BB7DF6} = {A06BC2B8-7F45-4630-8636-6330A8F9CA9B}
		{3BF083DE-5447-4F5E-AE5B-7009FB32B194} = {A06BC2B8-7F45-4630-8636-6330A8F9CA9B}
		{EF5065A4-0C53-4711-8BD7-FB5F31D1BB76} = {A06BC2B8-7F45-4630-8636-6330A8F9CA9B}
		{76A66C0E-E5FB-4105-9E64-EED7ED29158A} = {A06BC2B8-7F45-4630-8636-6330A8F9CA9B}
		{D18C7DE6-2855-4398-B520-0644AE744179} = {A06BC2B8-7F45-4630-8636-6330A8F9CA9B}
		{68690DA3-AA9D-47DD-8F25-DB828E9C2FEC} = {A06BC2B8-7F45-4630-8636-6330A8F9CA9B}
		{DF6D1B62-E67C-40E7-888D-E3F3487919AC} = {A06BC2B8-7F45-4630-8636-6330A8F9CA9B}
		{BFCB2036-A5EA-4673-9819-79E2541A5B01} = {A06BC2B8-7F45-4630-8636-6330A8F9CA9B}
		{6FD2B720-96C9-4AE6-86A3-52DA2DA20239} = {A06BC2B8-7F45-4630-8636-6330A8F9CA9B}
		{1354383C-D69C-4D3B-82A1-6EFCA2158A5F} = {A06BC2B8-7F45-4630-8636-6330A8F9CA9B}
		{F217F1F9-5E8A-48C6-83F9-900F070D3F80} = {A06BC2B8-7F45-4630-8636-6330A8F9CA9B}
		{6F469F5D-B847-4C10-A307-BCC614752E1A} = {A06BC2B8-7F45-4630-8636-6330A8F9CA9B}
		{E887C26B-0854-4F53-BEC3-0F205D7C008C} = {A06BC2B8-7F45-4630-8636-6330A8F9CA9B}
		{8CC85F4B-0161-4DA2-9A31-011435D26A2A} = {A06BC2B8-7F45-4630-8636-6330A8F9CA9B}
		{388E0E2D-12E3-44CD-B051-FE08EFC0D1B8} = {A06BC2B8-7F45-4630-8636-6330A8F9CA9B}
		{D2ED5200-C3D8-44C4-AC39-773CCBDF4969} = {A06BC2B8-7F45-4630-8636-6330A8F9CA9B}
		{D2633983-A382-437F-A2A5-74ED98B94A50} = {A06BC2B8-7F45-4630-8636-6330A8F9CA9B}
		{412BECD5-2C57-4524-8C9E-675D2C299D80} = {A06BC2B8-7F45-4630-8636-6330A8F9CA9B}
		{B23B6E09-B1AD-4D98-A3AC-535D8A659BA1} = {A06BC2B8-7F45-4630-8636-6330A8F9CA9B}
		{4E986E1D-BF66-4C5B-B794-79218968F3C5} = {A06BC2B8-7F45-4630-8636-6330A8F9CA9B}
	EndGlobalSection
	GlobalSection(ExtensibilityGlobals) = postSolution
		SolutionGuid = {C56EB965-D987-4838-B2D9-264E4029639A}
	EndGlobalSection
EndGlobal
